
Microsoft Visual Studio Solution File, Format Version 12.00
# Visual Studio 14
VisualStudioVersion = 14.0.25420.1
MinimumVisualStudioVersion = 10.0.40219.1
Project("{FAE04EC0-301F-11D3-BF4B-00C04F79EFBC}") = "Test", "Test\Test.csproj", "{B6088080-5DA3-48E5-AC69-661EBD5531BA}"
EndProject
Project("{FAE04EC0-301F-11D3-BF4B-00C04F79EFBC}") = "ClientConsole", "ClientConsole\ClientConsole.csproj", "{9F43548A-7092-45A1-A411-6BBCAAE5E63B}"
EndProject
Global
	GlobalSection(SolutionConfigurationPlatforms) = preSolution
		Debug|Any CPU = Debug|Any CPU
		Release|Any CPU = Release|Any CPU
	EndGlobalSection
	GlobalSection(ProjectConfigurationPlatforms) = postSolution
		{B6088080-5DA3-48E5-AC69-661EBD5531BA}.Debug|Any CPU.ActiveCfg = Debug|Any CPU
		{B6088080-5DA3-48E5-AC69-661EBD5531BA}.Debug|Any CPU.Build.0 = Debug|Any CPU
		{B6088080-5DA3-48E5-AC69-661EBD5531BA}.Release|Any CPU.ActiveCfg = Release|Any CPU
		{B6088080-5DA3-48E5-AC69-661EBD5531BA}.Release|Any CPU.Build.0 = Release|Any CPU
		{9F43548A-7092-45A1-A411-6BBCAAE5E63B}.Debug|Any CPU.ActiveCfg = Debug|Any CPU
		{9F43548A-7092-45A1-A411-6BBCAAE5E63B}.Debug|Any CPU.Build.0 = Debug|Any CPU
		{9F43548A-7092-45A1-A411-6BBCAAE5E63B}.Release|Any CPU.ActiveCfg = Release|Any CPU
		{9F43548A-7092-45A1-A411-6BBCAAE5E63B}.Release|Any CPU.Build.0 = Release|Any CPU
	EndGlobalSection
	GlobalSection(SolutionProperties) = preSolution
		HideSolutionNode = FALSE
	EndGlobalSection
EndGlobal
